{
  "name": "SpacePatrol",
  "lockfileVersion": 3,
  "requires": true,
  "packages": {
    "": {
      "dependencies": {
        "midi-player-js": "^2.0.16"
      }
    },
    "node_modules/midi-player-js": {
      "version": "2.0.16",
      "resolved": "https://registry.npmjs.org/midi-player-js/-/midi-player-js-2.0.16.tgz",
      "integrity": "sha512-Y1yCRvvSjJjT5J4U8T4XTCDF1FLXtw8Otvq5BAmIob/2cj10aQUDrPDFByTWeuMRPu6/nLhusROc1DuTLCzRnw==",
      "hasInstallScript": true,
      "engines": {
        "node": ">=10.0.0"
      }
    }
  }
}
